
Microsoft Visual Studio Solution File, Format Version 12.00
# Visual Studio Version 16
VisualStudioVersion = 16.0.31729.503
MinimumVisualStudioVersion = 10.0.40219.1
Project("{FAE04EC0-301F-11D3-BF4B-00C04F79EFBC}") = "helloword", "helloword\helloword.csproj", "{2FAAB426-D816-4B3C-84CB-7314B77065E2}"
EndProject
Global
	GlobalSection(SolutionConfigurationPlatforms) = preSolution
		Debug|Any CPU = Debug|Any CPU
		Release|Any CPU = Release|Any CPU
	EndGlobalSection
	GlobalSection(ProjectConfigurationPlatforms) = postSolution
		{2FAAB426-D816-4B3C-84CB-7314B77065E2}.Debug|Any CPU.ActiveCfg = Debug|Any CPU
		{2FAAB426-D816-4B3C-84CB-7314B77065E2}.Debug|Any CPU.Build.0 = Debug|Any CPU
		{2FAAB426-D816-4B3C-84CB-7314B77065E2}.Release|Any CPU.ActiveCfg = Release|Any CPU
		{2FAAB426-D816-4B3C-84CB-7314B77065E2}.Release|Any CPU.Build.0 = Release|Any CPU
	EndGlobalSection
	GlobalSection(SolutionProperties) = preSolution
		HideSolutionNode = FALSE
	EndGlobalSection
	GlobalSection(ExtensibilityGlobals) = postSolution
		SolutionGuid = {02C48118-7091-4849-B63D-A798E6AFC09D}
	EndGlobalSection
EndGlobal
